
Microsoft Visual Studio Solution File, Format Version 12.00
# Visual Studio 15
VisualStudioVersion = 15.0.28307.271
MinimumVisualStudioVersion = 10.0.40219.1
Project("{9092AA53-FB77-4645-B42D-1CCCA6BD08BD}") = "YanKarloTeixeira-Lab03", "YanKarloTeixeira-Lab03\YanKarloTeixeira-Lab03.njsproj", "{78E5D433-33E0-4B80-8D7B-391E20B5942A}"
EndProject
Global
	GlobalSection(SolutionConfigurationPlatforms) = preSolution
		Debug|Any CPU = Debug|Any CPU
		Release|Any CPU = Release|Any CPU
	EndGlobalSection
	GlobalSection(ProjectConfigurationPlatforms) = postSolution
		{78E5D433-33E0-4B80-8D7B-391E20B5942A}.Debug|Any CPU.ActiveCfg = Debug|Any CPU
		{78E5D433-33E0-4B80-8D7B-391E20B5942A}.Debug|Any CPU.Build.0 = Debug|Any CPU
		{78E5D433-33E0-4B80-8D7B-391E20B5942A}.Release|Any CPU.ActiveCfg = Release|Any CPU
		{78E5D433-33E0-4B80-8D7B-391E20B5942A}.Release|Any CPU.Build.0 = Release|Any CPU
	EndGlobalSection
	GlobalSection(SolutionProperties) = preSolution
		HideSolutionNode = FALSE
	EndGlobalSection
	GlobalSection(ExtensibilityGlobals) = postSolution
		SolutionGuid = {51AB8AAE-60A2-41EC-8433-64DFBC4CF95B}
	EndGlobalSection
EndGlobal
